
Microsoft Visual Studio Solution File, Format Version 12.00
# Visual Studio 2013
VisualStudioVersion = 12.0.30723.0
MinimumVisualStudioVersion = 10.0.40219.1
Project("{FAE04EC0-301F-11D3-BF4B-00C04F79EFBC}") = "SendGridSharp", "SendGridSharp\SendGridSharp.csproj", "{F01EACF6-2861-44E0-B4B7-181CBF9C874B}"
EndProject
Project("{FAE04EC0-301F-11D3-BF4B-00C04F79EFBC}") = "SendGridSharp.Tests", "SendGridSharp.Tests\SendGridSharp.Tests.csproj", "{4590EC66-1C18-4D86-81A2-DF0FDD2A6EE9}"
EndProject
Global
	GlobalSection(SolutionConfigurationPlatforms) = preSolution
		Debug|Any CPU = Debug|Any CPU
		Release|Any CPU = Release|Any CPU
	EndGlobalSection
	GlobalSection(ProjectConfigurationPlatforms) = postSolution
		{F01EACF6-2861-44E0-B4B7-181CBF9C874B}.Debug|Any CPU.ActiveCfg = Debug|Any CPU
		{F01EACF6-2861-44E0-B4B7-181CBF9C874B}.Debug|Any CPU.Build.0 = Debug|Any CPU
		{F01EACF6-2861-44E0-B4B7-181CBF9C874B}.Release|Any CPU.ActiveCfg = Release|Any CPU
		{F01EACF6-2861-44E0-B4B7-181CBF9C874B}.Release|Any CPU.Build.0 = Release|Any CPU
		{4590EC66-1C18-4D86-81A2-DF0FDD2A6EE9}.Debug|Any CPU.ActiveCfg = Debug|Any CPU
		{4590EC66-1C18-4D86-81A2-DF0FDD2A6EE9}.Debug|Any CPU.Build.0 = Debug|Any CPU
		{4590EC66-1C18-4D86-81A2-DF0FDD2A6EE9}.Release|Any CPU.ActiveCfg = Release|Any CPU
		{4590EC66-1C18-4D86-81A2-DF0FDD2A6EE9}.Release|Any CPU.Build.0 = Release|Any CPU
	EndGlobalSection
	GlobalSection(SolutionProperties) = preSolution
		HideSolutionNode = FALSE
	EndGlobalSection
EndGlobal
